// !$*UTF8*$!
{
	archiveVersion = 1;
	classes = {
	};
	objectVersion = 46;
	objects = {

/* Begin PBXBuildFile section */
		F68B325318FB9D3100046A81 /* Foundation.framework in Frameworks */ = {isa = PBXBuildFile; fileRef = F68B325218FB9D3100046A81 /* Foundation.framework */; };
		F68B325518FB9D3100046A81 /* CoreGraphics.framework in Frameworks */ = {isa = PBXBuildFile; fileRef = F68B325418FB9D3100046A81 /* CoreGraphics.framework */; };
		F68B325718FB9D3100046A81 /* UIKit.framework in Frameworks */ = {isa = PBXBuildFile; fileRef = F68B325618FB9D3100046A81 /* UIKit.framework */; };
		F68B325D18FB9D3100046A81 /* InfoPlist.strings in Resources */ = {isa = PBXBuildFile; fileRef = F68B325B18FB9D3100046A81 /* InfoPlist.strings */; };
		F68B325F18FB9D3100046A81 /* main.m in Sources */ = {isa = PBXBuildFile; fileRef = F68B325E18FB9D3100046A81 /* main.m */; };
		F68B326318FB9D3100046A81 /* AppDelegate.m in Sources */ = {isa = PBXBuildFile; fileRef = F68B326218FB9D3100046A81 /* AppDelegate.m */; };
		F68B326518FB9D3100046A81 /* Images.xcassets in Resources */ = {isa = PBXBuildFile; fileRef = F68B326418FB9D3100046A81 /* Images.xcassets */; };
		F68B326C18FB9D3100046A81 /* XCTest.framework in Frameworks */ = {isa = PBXBuildFile; fileRef = F68B326B18FB9D3100046A81 /* XCTest.framework */; };
		F68B326D18FB9D3100046A81 /* Foundation.framework in Frameworks */ = {isa = PBXBuildFile; fileRef = F68B325218FB9D3100046A81 /* Foundation.framework */; };
		F68B326E18FB9D3100046A81 /* UIKit.framework in Frameworks */ = {isa = PBXBuildFile; fileRef = F68B325618FB9D3100046A81 /* UIKit.framework */; };
		F68B327618FB9D3100046A81 /* InfoPlist.strings in Resources */ = {isa = PBXBuildFile; fileRef = F68B327418FB9D3100046A81 /* InfoPlist.strings */; };
		F68B327818FB9D3100046A81 /* WZSampleTests.m in Sources */ = {isa = PBXBuildFile; fileRef = F68B327718FB9D3100046A81 /* WZSampleTests.m */; };
		F68B32C918FBC5E600046A81 /* VCBeaconList.m in Sources */ = {isa = PBXBuildFile; fileRef = F68B32C818FBC5E600046A81 /* VCBeaconList.m */; };
		F68B32CD18FC34B100046A81 /* BeaconTableViewCell.m in Sources */ = {isa = PBXBuildFile; fileRef = F68B32CC18FC34B100046A81 /* BeaconTableViewCell.m */; };
		F68B32CF18FC42F400046A81 /* pebble@2x.png in Resources */ = {isa = PBXBuildFile; fileRef = F68B32CE18FC42F400046A81 /* pebble@2x.png */; };
		F68B32D818FC43EA00046A81 /* VCIntro.m in Sources */ = {isa = PBXBuildFile; fileRef = F68B32D718FC43EA00046A81 /* VCIntro.m */; };
		F6F4D00218FD147B0000CC90 /* btn_dn@2x.png in Resources */ = {isa = PBXBuildFile; fileRef = F6F4D00018FD147B0000CC90 /* btn_dn@2x.png */; };
		F6F4D00318FD147B0000CC90 /* btn_up@2x.png in Resources */ = {isa = PBXBuildFile; fileRef = F6F4D00118FD147B0000CC90 /* btn_up@2x.png */; };
		F6F4D00518FD148A0000CC90 /* icon-iOS.png in Resources */ = {isa = PBXBuildFile; fileRef = F6F4D00418FD148A0000CC90 /* icon-iOS.png */; };
		F6F4D00E18FD1E0F0000CC90 /* libWZBeacon.a in Frameworks */ = {isa = PBXBuildFile; fileRef = F6F4D00D18FD1E0F0000CC90 /* libWZBeacon.a */; };
		F6F4D01018FD1EBF0000CC90 /* logo@2x.png in Resources */ = {isa = PBXBuildFile; fileRef = F6F4D00F18FD1EBF0000CC90 /* logo@2x.png */; };
		F6F4D01318FD21490000CC90 /* VCBeaconInfo.m in Sources */ = {isa = PBXBuildFile; fileRef = F6F4D01218FD21490000CC90 /* VCBeaconInfo.m */; };
		F6F4D01618FD23020000CC90 /* InfoCellView.m in Sources */ = {isa = PBXBuildFile; fileRef = F6F4D01518FD23020000CC90 /* InfoCellView.m */; };
/* End PBXBuildFile section */

/* Begin PBXContainerItemProxy section */
		F68B326F18FB9D3100046A81 /* PBXContainerItemProxy */ = {
			isa = PBXContainerItemProxy;
			containerPortal = F68B324718FB9D3100046A81 /* Project object */;
			proxyType = 1;
			remoteGlobalIDString = F68B324E18FB9D3100046A81;
			remoteInfo = WZSample;
		};
/* End PBXContainerItemProxy section */

/* Begin PBXFileReference section */
		F68B324F18FB9D3100046A81 /* WZSample.app */ = {isa = PBXFileReference; explicitFileType = wrapper.application; includeInIndex = 0; path = WZSample.app; sourceTree = BUILT_PRODUCTS_DIR; };
		F68B325218FB9D3100046A81 /* Foundation.framework */ = {isa = PBXFileReference; lastKnownFileType = wrapper.framework; name = Foundation.framework; path = System/Library/Frameworks/Foundation.framework; sourceTree = SDKROOT; };
		F68B325418FB9D3100046A81 /* CoreGraphics.framework */ = {isa = PBXFileReference; lastKnownFileType = wrapper.framework; name = CoreGraphics.framework; path = System/Library/Frameworks/CoreGraphics.framework; sourceTree = SDKROOT; };
		F68B325618FB9D3100046A81 /* UIKit.framework */ = {isa = PBXFileReference; lastKnownFileType = wrapper.framework; name = UIKit.framework; path = System/Library/Frameworks/UIKit.framework; sourceTree = SDKROOT; };
		F68B325A18FB9D3100046A81 /* WZSample-Info.plist */ = {isa = PBXFileReference; lastKnownFileType = text.plist.xml; path = "WZSample-Info.plist"; sourceTree = "<group>"; };
		F68B325C18FB9D3100046A81 /* en */ = {isa = PBXFileReference; lastKnownFileType = text.plist.strings; name = en; path = en.lproj/InfoPlist.strings; sourceTree = "<group>"; };
		F68B325E18FB9D3100046A81 /* main.m */ = {isa = PBXFileReference; lastKnownFileType = sourcecode.c.objc; path = main.m; sourceTree = "<group>"; };
		F68B326018FB9D3100046A81 /* WZSample-Prefix.pch */ = {isa = PBXFileReference; lastKnownFileType = sourcecode.c.h; path = "WZSample-Prefix.pch"; sourceTree = "<group>"; };
		F68B326118FB9D3100046A81 /* AppDelegate.h */ = {isa = PBXFileReference; lastKnownFileType = sourcecode.c.h; path = AppDelegate.h; sourceTree = "<group>"; };
		F68B326218FB9D3100046A81 /* AppDelegate.m */ = {isa = PBXFileReference; lastKnownFileType = sourcecode.c.objc; path = AppDelegate.m; sourceTree = "<group>"; };
		F68B326418FB9D3100046A81 /* Images.xcassets */ = {isa = PBXFileReference; lastKnownFileType = folder.assetcatalog; path = Images.xcassets; sourceTree = "<group>"; };
		F68B326A18FB9D3100046A81 /* WZSampleTests.xctest */ = {isa = PBXFileReference; explicitFileType = wrapper.cfbundle; includeInIndex = 0; path = WZSampleTests.xctest; sourceTree = BUILT_PRODUCTS_DIR; };
		F68B326B18FB9D3100046A81 /* XCTest.framework */ = {isa = PBXFileReference; lastKnownFileType = wrapper.framework; name = XCTest.framework; path = Library/Frameworks/XCTest.framework; sourceTree = DEVELOPER_DIR; };
		F68B327318FB9D3100046A81 /* WZSampleTests-Info.plist */ = {isa = PBXFileReference; lastKnownFileType = text.plist.xml; path = "WZSampleTests-Info.plist"; sourceTree = "<group>"; };
		F68B327518FB9D3100046A81 /* en */ = {isa = PBXFileReference; lastKnownFileType = text.plist.strings; name = en; path = en.lproj/InfoPlist.strings; sourceTree = "<group>"; };
		F68B327718FB9D3100046A81 /* WZSampleTests.m */ = {isa = PBXFileReference; lastKnownFileType = sourcecode.c.objc; path = WZSampleTests.m; sourceTree = "<group>"; };
		F68B32C718FBC5E600046A81 /* VCBeaconList.h */ = {isa = PBXFileReference; fileEncoding = 4; lastKnownFileType = sourcecode.c.h; path = VCBeaconList.h; sourceTree = "<group>"; };
		F68B32C818FBC5E600046A81 /* VCBeaconList.m */ = {isa = PBXFileReference; fileEncoding = 4; lastKnownFileType = sourcecode.c.objc; path = VCBeaconList.m; sourceTree = "<group>"; };
		F68B32CB18FC34B100046A81 /* BeaconTableViewCell.h */ = {isa = PBXFileReference; fileEncoding = 4; lastKnownFileType = sourcecode.c.h; path = BeaconTableViewCell.h; sourceTree = "<group>"; };
		F68B32CC18FC34B100046A81 /* BeaconTableViewCell.m */ = {isa = PBXFileReference; fileEncoding = 4; lastKnownFileType = sourcecode.c.objc; path = BeaconTableViewCell.m; sourceTree = "<group>"; };
		F68B32CE18FC42F400046A81 /* pebble@2x.png */ = {isa = PBXFileReference; lastKnownFileType = image.png; path = "pebble@2x.png"; sourceTree = "<group>"; };
		F68B32D618FC43EA00046A81 /* VCIntro.h */ = {isa = PBXFileReference; fileEncoding = 4; lastKnownFileType = sourcecode.c.h; path = VCIntro.h; sourceTree = "<group>"; };
		F68B32D718FC43EA00046A81 /* VCIntro.m */ = {isa = PBXFileReference; fileEncoding = 4; lastKnownFileType = sourcecode.c.objc; path = VCIntro.m; sourceTree = "<group>"; };
		F6F4D00018FD147B0000CC90 /* btn_dn@2x.png */ = {isa = PBXFileReference; lastKnownFileType = image.png; path = "btn_dn@2x.png"; sourceTree = "<group>"; };
		F6F4D00118FD147B0000CC90 /* btn_up@2x.png */ = {isa = PBXFileReference; lastKnownFileType = image.png; path = "btn_up@2x.png"; sourceTree = "<group>"; };
		F6F4D00418FD148A0000CC90 /* icon-iOS.png */ = {isa = PBXFileReference; lastKnownFileType = image.png; path = "icon-iOS.png"; sourceTree = "<group>"; };
		F6F4D00818FD1E0F0000CC90 /* WizTurnBeacon.h */ = {isa = PBXFileReference; fileEncoding = 4; lastKnownFileType = sourcecode.c.h; path = WizTurnBeacon.h; sourceTree = "<group>"; };
		F6F4D00918FD1E0F0000CC90 /* WZBeacon.h */ = {isa = PBXFileReference; fileEncoding = 4; lastKnownFileType = sourcecode.c.h; path = WZBeacon.h; sourceTree = "<group>"; };
		F6F4D00A18FD1E0F0000CC90 /* WZBeaconManager.h */ = {isa = PBXFileReference; fileEncoding = 4; lastKnownFileType = sourcecode.c.h; path = WZBeaconManager.h; sourceTree = "<group>"; };
		F6F4D00B18FD1E0F0000CC90 /* WZBeaconRegion.h */ = {isa = PBXFileReference; fileEncoding = 4; lastKnownFileType = sourcecode.c.h; path = WZBeaconRegion.h; sourceTree = "<group>"; };
		F6F4D00D18FD1E0F0000CC90 /* libWZBeacon.a */ = {isa = PBXFileReference; lastKnownFileType = archive.ar; path = libWZBeacon.a; sourceTree = "<group>"; };
		F6F4D00F18FD1EBF0000CC90 /* logo@2x.png */ = {isa = PBXFileReference; lastKnownFileType = image.png; path = "logo@2x.png"; sourceTree = "<group>"; };
		F6F4D01118FD21490000CC90 /* VCBeaconInfo.h */ = {isa = PBXFileReference; fileEncoding = 4; lastKnownFileType = sourcecode.c.h; path = VCBeaconInfo.h; sourceTree = "<group>"; };
		F6F4D01218FD21490000CC90 /* VCBeaconInfo.m */ = {isa = PBXFileReference; fileEncoding = 4; lastKnownFileType = sourcecode.c.objc; path = VCBeaconInfo.m; sourceTree = "<group>"; };
		F6F4D01418FD23020000CC90 /* InfoCellView.h */ = {isa = PBXFileReference; fileEncoding = 4; lastKnownFileType = sourcecode.c.h; path = InfoCellView.h; sourceTree = "<group>"; };
		F6F4D01518FD23020000CC90 /* InfoCellView.m */ = {isa = PBXFileReference; fileEncoding = 4; lastKnownFileType = sourcecode.c.objc; path = InfoCellView.m; sourceTree = "<group>"; };
/* End PBXFileReference section */

/* Begin PBXFrameworksBuildPhase section */
		F68B324C18FB9D3100046A81 /* Frameworks */ = {
			isa = PBXFrameworksBuildPhase;
			buildActionMask = 2147483647;
			files = (
				F6F4D00E18FD1E0F0000CC90 /* libWZBeacon.a in Frameworks */,
				F68B325518FB9D3100046A81 /* CoreGraphics.framework in Frameworks */,
				F68B325718FB9D3100046A81 /* UIKit.framework in Frameworks */,
				F68B325318FB9D3100046A81 /* Foundation.framework in Frameworks */,
			);
			runOnlyForDeploymentPostprocessing = 0;
		};
		F68B326718FB9D3100046A81 /* Frameworks */ = {
			isa = PBXFrameworksBuildPhase;
			buildActionMask = 2147483647;
			files = (
				F68B326C18FB9D3100046A81 /* XCTest.framework in Frameworks */,
				F68B326E18FB9D3100046A81 /* UIKit.framework in Frameworks */,
				F68B326D18FB9D3100046A81 /* Foundation.framework in Frameworks */,
			);
			runOnlyForDeploymentPostprocessing = 0;
		};
/* End PBXFrameworksBuildPhase section */

/* Begin PBXGroup section */
		F68B324618FB9D3100046A81 = {
			isa = PBXGroup;
			children = (
				F68B325818FB9D3100046A81 /* WZSample */,
				F68B327118FB9D3100046A81 /* WZSampleTests */,
				F68B325118FB9D3100046A81 /* Frameworks */,
				F68B325018FB9D3100046A81 /* Products */,
			);
			sourceTree = "<group>";
		};
		F68B325018FB9D3100046A81 /* Products */ = {
			isa = PBXGroup;
			children = (
				F68B324F18FB9D3100046A81 /* WZSample.app */,
				F68B326A18FB9D3100046A81 /* WZSampleTests.xctest */,
			);
			name = Products;
			sourceTree = "<group>";
		};
		F68B325118FB9D3100046A81 /* Frameworks */ = {
			isa = PBXGroup;
			children = (
				F68B325218FB9D3100046A81 /* Foundation.framework */,
				F68B325418FB9D3100046A81 /* CoreGraphics.framework */,
				F68B325618FB9D3100046A81 /* UIKit.framework */,
				F68B326B18FB9D3100046A81 /* XCTest.framework */,
			);
			name = Frameworks;
			sourceTree = "<group>";
		};
		F68B325818FB9D3100046A81 /* WZSample */ = {
			isa = PBXGroup;
			children = (
				F6F4D00618FD1E0F0000CC90 /* WZBeacon */,
				F68B325918FB9D3100046A81 /* Supporting Files */,
				F68B326118FB9D3100046A81 /* AppDelegate.h */,
				F68B326218FB9D3100046A81 /* AppDelegate.m */,
				F68B32D618FC43EA00046A81 /* VCIntro.h */,
				F68B32D718FC43EA00046A81 /* VCIntro.m */,
				F68B32C718FBC5E600046A81 /* VCBeaconList.h */,
				F68B32C818FBC5E600046A81 /* VCBeaconList.m */,
				F6F4D01118FD21490000CC90 /* VCBeaconInfo.h */,
				F6F4D01218FD21490000CC90 /* VCBeaconInfo.m */,
				F6F4D01418FD23020000CC90 /* InfoCellView.h */,
				F6F4D01518FD23020000CC90 /* InfoCellView.m */,
				F68B32CB18FC34B100046A81 /* BeaconTableViewCell.h */,
				F68B32CC18FC34B100046A81 /* BeaconTableViewCell.m */,
			);
			path = WZSample;
			sourceTree = "<group>";
		};
		F68B325918FB9D3100046A81 /* Supporting Files */ = {
			isa = PBXGroup;
			children = (
				F6F4D00418FD148A0000CC90 /* icon-iOS.png */,
				F6F4D00018FD147B0000CC90 /* btn_dn@2x.png */,
				F6F4D00118FD147B0000CC90 /* btn_up@2x.png */,
				F6F4D00F18FD1EBF0000CC90 /* logo@2x.png */,
				F68B32CE18FC42F400046A81 /* pebble@2x.png */,
				F68B326418FB9D3100046A81 /* Images.xcassets */,
				F68B325A18FB9D3100046A81 /* WZSample-Info.plist */,
				F68B325B18FB9D3100046A81 /* InfoPlist.strings */,
				F68B325E18FB9D3100046A81 /* main.m */,
				F68B326018FB9D3100046A81 /* WZSample-Prefix.pch */,
			);
			name = "Supporting Files";
			sourceTree = "<group>";
		};
		F68B327118FB9D3100046A81 /* WZSampleTests */ = {
			isa = PBXGroup;
			children = (
				F68B327718FB9D3100046A81 /* WZSampleTests.m */,
				F68B327218FB9D3100046A81 /* Supporting Files */,
			);
			path = WZSampleTests;
			sourceTree = "<group>";
		};
		F68B327218FB9D3100046A81 /* Supporting Files */ = {
			isa = PBXGroup;
			children = (
				F68B327318FB9D3100046A81 /* WZSampleTests-Info.plist */,
				F68B327418FB9D3100046A81 /* InfoPlist.strings */,
			);
			name = "Supporting Files";
			sourceTree = "<group>";
		};
		F6F4D00618FD1E0F0000CC90 /* WZBeacon */ = {
			isa = PBXGroup;
			children = (
				F6F4D00718FD1E0F0000CC90 /* header */,
				F6F4D00C18FD1E0F0000CC90 /* lib */,
			);
			path = WZBeacon;
			sourceTree = "<group>";
		};
		F6F4D00718FD1E0F0000CC90 /* header */ = {
			isa = PBXGroup;
			children = (
				F6F4D00818FD1E0F0000CC90 /* WizTurnBeacon.h */,
				F6F4D00918FD1E0F0000CC90 /* WZBeacon.h */,
				F6F4D00A18FD1E0F0000CC90 /* WZBeaconManager.h */,
				F6F4D00B18FD1E0F0000CC90 /* WZBeaconRegion.h */,
			);
			path = header;
			sourceTree = "<group>";
		};
		F6F4D00C18FD1E0F0000CC90 /* lib */ = {
			isa = PBXGroup;
			children = (
				F6F4D00D18FD1E0F0000CC90 /* libWZBeacon.a */,
			);
			path = lib;
			sourceTree = "<group>";
		};
/* End PBXGroup section */

/* Begin PBXNativeTarget section */
		F68B324E18FB9D3100046A81 /* WZSample */ = {
			isa = PBXNativeTarget;
			buildConfigurationList = F68B327B18FB9D3100046A81 /* Build configuration list for PBXNativeTarget "WZSample" */;
			buildPhases = (
				F68B324B18FB9D3100046A81 /* Sources */,
				F68B324C18FB9D3100046A81 /* Frameworks */,
				F68B324D18FB9D3100046A81 /* Resources */,
			);
			buildRules = (
			);
			dependencies = (
			);
			name = WZSample;
			productName = WZSample;
			productReference = F68B324F18FB9D3100046A81 /* WZSample.app */;
			productType = "com.apple.product-type.application";
		};
		F68B326918FB9D3100046A81 /* WZSampleTests */ = {
			isa = PBXNativeTarget;
			buildConfigurationList = F68B327E18FB9D3100046A81 /* Build configuration list for PBXNativeTarget "WZSampleTests" */;
			buildPhases = (
				F68B326618FB9D3100046A81 /* Sources */,
				F68B326718FB9D3100046A81 /* Frameworks */,
				F68B326818FB9D3100046A81 /* Resources */,
			);
			buildRules = (
			);
			dependencies = (
				F68B327018FB9D3100046A81 /* PBXTargetDependency */,
			);
			name = WZSampleTests;
			productName = WZSampleTests;
			productReference = F68B326A18FB9D3100046A81 /* WZSampleTests.xctest */;
			productType = "com.apple.product-type.bundle.unit-test";
		};
/* End PBXNativeTarget section */

/* Begin PBXProject section */
		F68B324718FB9D3100046A81 /* Project object */ = {
			isa = PBXProject;
			attributes = {
				LastUpgradeCheck = 0510;
				ORGANIZATIONNAME = dio;
				TargetAttributes = {
					F68B326918FB9D3100046A81 = {
						TestTargetID = F68B324E18FB9D3100046A81;
					};
				};
			};
			buildConfigurationList = F68B324A18FB9D3100046A81 /* Build configuration list for PBXProject "WZSample" */;
			compatibilityVersion = "Xcode 3.2";
			developmentRegion = English;
			hasScannedForEncodings = 0;
			knownRegions = (
				en,
			);
			mainGroup = F68B324618FB9D3100046A81;
			productRefGroup = F68B325018FB9D3100046A81 /* Products */;
			projectDirPath = "";
			projectRoot = "";
			targets = (
				F68B324E18FB9D3100046A81 /* WZSample */,
				F68B326918FB9D3100046A81 /* WZSampleTests */,
			);
		};
/* End PBXProject section */

/* Begin PBXResourcesBuildPhase section */
		F68B324D18FB9D3100046A81 /* Resources */ = {
			isa = PBXResourcesBuildPhase;
			buildActionMask = 2147483647;
			files = (
				F68B325D18FB9D3100046A81 /* InfoPlist.strings in Resources */,
				F6F4D01018FD1EBF0000CC90 /* logo@2x.png in Resources */,
				F68B326518FB9D3100046A81 /* Images.xcassets in Resources */,
				F6F4D00518FD148A0000CC90 /* icon-iOS.png in Resources */,
				F6F4D00218FD147B0000CC90 /* btn_dn@2x.png in Resources */,
				F6F4D00318FD147B0000CC90 /* btn_up@2x.png in Resources */,
				F68B32CF18FC42F400046A81 /* pebble@2x.png in Resources */,
			);
			runOnlyForDeploymentPostprocessing = 0;
		};
		F68B326818FB9D3100046A81 /* Resources */ = {
			isa = PBXResourcesBuildPhase;
			buildActionMask = 2147483647;
			files = (
				F68B327618FB9D3100046A81 /* InfoPlist.strings in Resources */,
			);
			runOnlyForDeploymentPostprocessing = 0;
		};
/* End PBXResourcesBuildPhase section */

/* Begin PBXSourcesBuildPhase section */
		F68B324B18FB9D3100046A81 /* Sources */ = {
			isa = PBXSourcesBuildPhase;
			buildActionMask = 2147483647;
			files = (
				F68B32D818FC43EA00046A81 /* VCIntro.m in Sources */,
				F6F4D01618FD23020000CC90 /* InfoCellView.m in Sources */,
				F68B32C918FBC5E600046A81 /* VCBeaconList.m in Sources */,
				F6F4D01318FD21490000CC90 /* VCBeaconInfo.m in Sources */,
				F68B326318FB9D3100046A81 /* AppDelegate.m in Sources */,
				F68B325F18FB9D3100046A81 /* main.m in Sources */,
				F68B32CD18FC34B100046A81 /* BeaconTableViewCell.m in Sources */,
			);
			runOnlyForDeploymentPostprocessing = 0;
		};
		F68B326618FB9D3100046A81 /* Sources */ = {
			isa = PBXSourcesBuildPhase;
			buildActionMask = 2147483647;
			files = (
				F68B327818FB9D3100046A81 /* WZSampleTests.m in Sources */,
			);
			runOnlyForDeploymentPostprocessing = 0;
		};
/* End PBXSourcesBuildPhase section */

/* Begin PBXTargetDependency section */
		F68B327018FB9D3100046A81 /* PBXTargetDependency */ = {
			isa = PBXTargetDependency;
			target = F68B324E18FB9D3100046A81 /* WZSample */;
			targetProxy = F68B326F18FB9D3100046A81 /* PBXContainerItemProxy */;
		};
/* End PBXTargetDependency section */

/* Begin PBXVariantGroup section */
		F68B325B18FB9D3100046A81 /* InfoPlist.strings */ = {
			isa = PBXVariantGroup;
			children = (
				F68B325C18FB9D3100046A81 /* en */,
			);
			name = InfoPlist.strings;
			sourceTree = "<group>";
		};
		F68B327418FB9D3100046A81 /* InfoPlist.strings */ = {
			isa = PBXVariantGroup;
			children = (
				F68B327518FB9D3100046A81 /* en */,
			);
			name = InfoPlist.strings;
			sourceTree = "<group>";
		};
/* End PBXVariantGroup section */

/* Begin XCBuildConfiguration section */
		F68B327918FB9D3100046A81 /* Debug */ = {
			isa = XCBuildConfiguration;
			buildSettings = {
				ALWAYS_SEARCH_USER_PATHS = NO;
				CLANG_CXX_LANGUAGE_STANDARD = "gnu++0x";
				CLANG_CXX_LIBRARY = "libc++";
				CLANG_ENABLE_MODULES = YES;
				CLANG_ENABLE_OBJC_ARC = YES;
				CLANG_WARN_BOOL_CONVERSION = YES;
				CLANG_WARN_CONSTANT_CONVERSION = YES;
				CLANG_WARN_DIRECT_OBJC_ISA_USAGE = YES_ERROR;
				CLANG_WARN_EMPTY_BODY = YES;
				CLANG_WARN_ENUM_CONVERSION = YES;
				CLANG_WARN_INT_CONVERSION = YES;
				CLANG_WARN_OBJC_ROOT_CLASS = YES_ERROR;
				CLANG_WARN__DUPLICATE_METHOD_MATCH = YES;
				"CODE_SIGN_IDENTITY[sdk=iphoneos*]" = "iPhone Developer";
				COPY_PHASE_STRIP = NO;
				GCC_C_LANGUAGE_STANDARD = gnu99;
				GCC_DYNAMIC_NO_PIC = NO;
				GCC_OPTIMIZATION_LEVEL = 0;
				GCC_PREPROCESSOR_DEFINITIONS = (
					"DEBUG=1",
					"$(inherited)",
				);
				GCC_SYMBOLS_PRIVATE_EXTERN = NO;
				GCC_WARN_64_TO_32_BIT_CONVERSION = YES;
				GCC_WARN_ABOUT_RETURN_TYPE = YES_ERROR;
				GCC_WARN_UNDECLARED_SELECTOR = YES;
				GCC_WARN_UNINITIALIZED_AUTOS = YES_AGGRESSIVE;
				GCC_WARN_UNUSED_FUNCTION = YES;
				GCC_WARN_UNUSED_VARIABLE = YES;
				IPHONEOS_DEPLOYMENT_TARGET = 7.1;
				ONLY_ACTIVE_ARCH = YES;
				SDKROOT = iphoneos;
			};
			name = Debug;
		};
		F68B327A18FB9D3100046A81 /* Release */ = {
			isa = XCBuildConfiguration;
			buildSettings = {
				ALWAYS_SEARCH_USER_PATHS = NO;
				CLANG_CXX_LANGUAGE_STANDARD = "gnu++0x";
				CLANG_CXX_LIBRARY = "libc++";
				CLANG_ENABLE_MODULES = YES;
				CLANG_ENABLE_OBJC_ARC = YES;
				CLANG_WARN_BOOL_CONVERSION = YES;
				CLANG_WARN_CONSTANT_CONVERSION = YES;
				CLANG_WARN_DIRECT_OBJC_ISA_USAGE = YES_ERROR;
				CLANG_WARN_EMPTY_BODY = YES;
				CLANG_WARN_ENUM_CONVERSION = YES;
				CLANG_WARN_INT_CONVERSION = YES;
				CLANG_WARN_OBJC_ROOT_CLASS = YES_ERROR;
				CLANG_WARN__DUPLICATE_METHOD_MATCH = YES;
				"CODE_SIGN_IDENTITY[sdk=iphoneos*]" = "iPhone Developer";
				COPY_PHASE_STRIP = YES;
				ENABLE_NS_ASSERTIONS = NO;
				GCC_C_LANGUAGE_STANDARD = gnu99;
				GCC_WARN_64_TO_32_BIT_CONVERSION = YES;
				GCC_WARN_ABOUT_RETURN_TYPE = YES_ERROR;
				GCC_WARN_UNDECLARED_SELECTOR = YES;
				GCC_WARN_UNINITIALIZED_AUTOS = YES_AGGRESSIVE;
				GCC_WARN_UNUSED_FUNCTION = YES;
				GCC_WARN_UNUSED_VARIABLE = YES;
				IPHONEOS_DEPLOYMENT_TARGET = 7.1;
				SDKROOT = iphoneos;
				VALIDATE_PRODUCT = YES;
			};
			name = Release;
		};
		F68B327C18FB9D3100046A81 /* Debug */ = {
			isa = XCBuildConfiguration;
			buildSettings = {
				ASSETCATALOG_COMPILER_APPICON_NAME = AppIcon;
				ASSETCATALOG_COMPILER_LAUNCHIMAGE_NAME = LaunchImage;
				GCC_PRECOMPILE_PREFIX_HEADER = YES;
				GCC_PREFIX_HEADER = "WZSample/WZSample-Prefix.pch";
				INFOPLIST_FILE = "WZSample/WZSample-Info.plist";
				IPHONEOS_DEPLOYMENT_TARGET = 7.0;
				LIBRARY_SEARCH_PATHS = (
					"$(inherited)",
					"/Users/taesoo/Documents/DioGit/WZBeacon_iOS/WZBeacon/build/Debug-iphoneos",
					"$(USER_LIBRARY_DIR)/Developer/Xcode/DerivedData/WZBeaconSDK-bwovnwzoarhblgbethbtjacsdlqx/Build/Products/Debug-iphoneos",
					"$(PROJECT_DIR)/WZSample/WZBeacon/lib",
				);
				PRODUCT_NAME = "$(TARGET_NAME)";
				USER_HEADER_SEARCH_PATHS = /Users/taesoo/Documents/DioGit/WZBeacon_iOS/WZBeacon/WZBeacon/;
				WRAPPER_EXTENSION = app;
			};
			name = Debug;
		};
		F68B327D18FB9D3100046A81 /* Release */ = {
			isa = XCBuildConfiguration;
			buildSettings = {
				ASSETCATALOG_COMPILER_APPICON_NAME = AppIcon;
				ASSETCATALOG_COMPILER_LAUNCHIMAGE_NAME = LaunchImage;
				GCC_PRECOMPILE_PREFIX_HEADER = YES;
				GCC_PREFIX_HEADER = "WZSample/WZSample-Prefix.pch";
				INFOPLIST_FILE = "WZSample/WZSample-Info.plist";
				IPHONEOS_DEPLOYMENT_TARGET = 7.0;
				LIBRARY_SEARCH_PATHS = (
					"$(inherited)",
					"/Users/taesoo/Documents/DioGit/WZBeacon_iOS/WZBeacon/build/Debug-iphoneos",
					"$(USER_LIBRARY_DIR)/Developer/Xcode/DerivedData/WZBeaconSDK-bwovnwzoarhblgbethbtjacsdlqx/Build/Products/Debug-iphoneos",
					"$(PROJECT_DIR)/WZSample/WZBeacon/lib",
				);
				PRODUCT_NAME = "$(TARGET_NAME)";
				USER_HEADER_SEARCH_PATHS = /Users/taesoo/Documents/DioGit/WZBeacon_iOS/WZBeacon/WZBeacon/;
				WRAPPER_EXTENSION = app;
			};
			name = Release;
		};
		F68B327F18FB9D3100046A81 /* Debug */ = {
			isa = XCBuildConfiguration;
			buildSettings = {
				BUNDLE_LOADER = "$(BUILT_PRODUCTS_DIR)/WZSample.app/WZSample";
				FRAMEWORK_SEARCH_PATHS = (
					"$(SDKROOT)/Developer/Library/Frameworks",
					"$(inherited)",
					"$(DEVELOPER_FRAMEWORKS_DIR)",
				);
				GCC_PRECOMPILE_PREFIX_HEADER = YES;
				GCC_PREFIX_HEADER = "WZSample/WZSample-Prefix.pch";
				GCC_PREPROCESSOR_DEFINITIONS = (
					"DEBUG=1",
					"$(inherited)",
				);
				INFOPLIST_FILE = "WZSampleTests/WZSampleTests-Info.plist";
				PRODUCT_NAME = "$(TARGET_NAME)";
				TEST_HOST = "$(BUNDLE_LOADER)";
				WRAPPER_EXTENSION = xctest;
			};
			name = Debug;
		};
		F68B328018FB9D3100046A81 /* Release */ = {
			isa = XCBuildConfiguration;
			buildSettings = {
				BUNDLE_LOADER = "$(BUILT_PRODUCTS_DIR)/WZSample.app/WZSample";
				FRAMEWORK_SEARCH_PATHS = (
					"$(SDKROOT)/Developer/Library/Frameworks",
					"$(inherited)",
					"$(DEVELOPER_FRAMEWORKS_DIR)",
				);
				GCC_PRECOMPILE_PREFIX_HEADER = YES;
				GCC_PREFIX_HEADER = "WZSample/WZSample-Prefix.pch";
				INFOPLIST_FILE = "WZSampleTests/WZSampleTests-Info.plist";
				PRODUCT_NAME = "$(TARGET_NAME)";
				TEST_HOST = "$(BUNDLE_LOADER)";
				WRAPPER_EXTENSION = xctest;
			};
			name = Release;
		};
/* End XCBuildConfiguration section */

/* Begin XCConfigurationList section */
		F68B324A18FB9D3100046A81 /* Build configuration list for PBXProject "WZSample" */ = {
			isa = XCConfigurationList;
			buildConfigurations = (
				F68B327918FB9D3100046A81 /* Debug */,
				F68B327A18FB9D3100046A81 /* Release */,
			);
			defaultConfigurationIsVisible = 0;
			defaultConfigurationName = Release;
		};
		F68B327B18FB9D3100046A81 /* Build configuration list for PBXNativeTarget "WZSample" */ = {
			isa = XCConfigurationList;
			buildConfigurations = (
				F68B327C18FB9D3100046A81 /* Debug */,
				F68B327D18FB9D3100046A81 /* Release */,
			);
			defaultConfigurationIsVisible = 0;
			defaultConfigurationName = Release;
		};
		F68B327E18FB9D3100046A81 /* Build configuration list for PBXNativeTarget "WZSampleTests" */ = {
			isa = XCConfigurationList;
			buildConfigurations = (
				F68B327F18FB9D3100046A81 /* Debug */,
				F68B328018FB9D3100046A81 /* Release */,
			);
			defaultConfigurationIsVisible = 0;
			defaultConfigurationName = Release;
		};
/* End XCConfigurationList section */
	};
	rootObject = F68B324718FB9D3100046A81 /* Project object */;
}
